
Microsoft Visual Studio Solution File, Format Version 12.00
# Visual Studio 15
VisualStudioVersion = 15.0.28010.2036
MinimumVisualStudioVersion = 10.0.40219.1
Project("{00D1A9C2-B5F0-4AF3-8072-F6C62B433612}") = "X12SqlServer", "X12SqlServer.sqlproj", "{AA12492D-C1F4-4B10-B83D-FE58610CBD06}"
EndProject
Global
	GlobalSection(SolutionConfigurationPlatforms) = preSolution
		Debug|Any CPU = Debug|Any CPU
		Release|Any CPU = Release|Any CPU
	EndGlobalSection
	GlobalSection(ProjectConfigurationPlatforms) = postSolution
		{AA12492D-C1F4-4B10-B83D-FE58610CBD06}.Debug|Any CPU.ActiveCfg = Debug|Any CPU
		{AA12492D-C1F4-4B10-B83D-FE58610CBD06}.Debug|Any CPU.Build.0 = Debug|Any CPU
		{AA12492D-C1F4-4B10-B83D-FE58610CBD06}.Debug|Any CPU.Deploy.0 = Debug|Any CPU
		{AA12492D-C1F4-4B10-B83D-FE58610CBD06}.Release|Any CPU.ActiveCfg = Release|Any CPU
		{AA12492D-C1F4-4B10-B83D-FE58610CBD06}.Release|Any CPU.Build.0 = Release|Any CPU
		{AA12492D-C1F4-4B10-B83D-FE58610CBD06}.Release|Any CPU.Deploy.0 = Release|Any CPU
	EndGlobalSection
	GlobalSection(SolutionProperties) = preSolution
		HideSolutionNode = FALSE
	EndGlobalSection
	GlobalSection(ExtensibilityGlobals) = postSolution
		SolutionGuid = {3A9D84DE-D726-476D-BF42-EFF1BCF6EDD7}
	EndGlobalSection
EndGlobal
